// !$*UTF8*$!
{
	archiveVersion = 1;
	classes = {
	};
	objectVersion = 77;
	objects = {

/* Begin PBXBuildFile section */
		E23FFF9B2EB23493009B116D /* FirebaseAuth in Frameworks */ = {isa = PBXBuildFile; productRef = E23FFF9A2EB23493009B116D /* FirebaseAuth */; };
		E23FFF9D2EB23493009B116D /* FirebaseCore in Frameworks */ = {isa = PBXBuildFile; productRef = E23FFF9C2EB23493009B116D /* FirebaseCore */; };
		E23FFF9F2EB23493009B116D /* FirebaseFirestore in Frameworks */ = {isa = PBXBuildFile; productRef = E23FFF9E2EB23493009B116D /* FirebaseFirestore */; };
		E23FFFA12EB23493009B116D /* FirebaseFunctions in Frameworks */ = {isa = PBXBuildFile; productRef = E23FFFA02EB23493009B116D /* FirebaseFunctions */; };
		E23FFFA32EB23493009B116D /* FirebaseMessaging in Frameworks */ = {isa = PBXBuildFile; productRef = E23FFFA22EB23493009B116D /* FirebaseMessaging */; };
		E23FFFA52EB23493009B116D /* FirebaseStorage in Frameworks */ = {isa = PBXBuildFile; productRef = E23FFFA42EB23493009B116D /* FirebaseStorage */; };
		E254EDD82EB222B3000CDD9D /* FirebaseAI in Frameworks */ = {isa = PBXBuildFile; productRef = E254EDD72EB222B3000CDD9D /* FirebaseAI */; };
		E254EDDA2EB222B3000CDD9D /* FirebaseAILogic in Frameworks */ = {isa = PBXBuildFile; productRef = E254EDD92EB222B3000CDD9D /* FirebaseAILogic */; };
		E254EDDC2EB222B3000CDD9D /* FirebaseAnalytics in Frameworks */ = {isa = PBXBuildFile; productRef = E254EDDB2EB222B3000CDD9D /* FirebaseAnalytics */; };
		E254EDDE2EB222B3000CDD9D /* FirebaseAnalyticsCore in Frameworks */ = {isa = PBXBuildFile; productRef = E254EDDD2EB222B3000CDD9D /* FirebaseAnalyticsCore */; };
		E254EDE02EB222B3000CDD9D /* FirebaseAnalyticsIdentitySupport in Frameworks */ = {isa = PBXBuildFile; productRef = E254EDDF2EB222B3000CDD9D /* FirebaseAnalyticsIdentitySupport */; };
/* End PBXBuildFile section */

/* Begin PBXContainerItemProxy section */
		E254EDA92EB21B77000CDD9D /* PBXContainerItemProxy */ = {
			isa = PBXContainerItemProxy;
			containerPortal = E254ED8E2EB21B75000CDD9D /* Project object */;
			proxyType = 1;
			remoteGlobalIDString = E254ED952EB21B76000CDD9D;
			remoteInfo = Axon;
		};
		E254EDB32EB21B77000CDD9D /* PBXContainerItemProxy */ = {
			isa = PBXContainerItemProxy;
			containerPortal = E254ED8E2EB21B75000CDD9D /* Project object */;
			proxyType = 1;
			remoteGlobalIDString = E254ED952EB21B76000CDD9D;
			remoteInfo = Axon;
		};
/* End PBXContainerItemProxy section */

/* Begin PBXFileReference section */
		E254ED962EB21B76000CDD9D /* Axon.app */ = {isa = PBXFileReference; explicitFileType = wrapper.application; includeInIndex = 0; path = Axon.app; sourceTree = BUILT_PRODUCTS_DIR; };
		E254EDA82EB21B77000CDD9D /* AxonTests.xctest */ = {isa = PBXFileReference; explicitFileType = wrapper.cfbundle; includeInIndex = 0; path = AxonTests.xctest; sourceTree = BUILT_PRODUCTS_DIR; };
		E254EDB22EB21B77000CDD9D /* AxonUITests.xctest */ = {isa = PBXFileReference; explicitFileType = wrapper.cfbundle; includeInIndex = 0; path = AxonUITests.xctest; sourceTree = BUILT_PRODUCTS_DIR; };
/* End PBXFileReference section */

/* Begin PBXFileSystemSynchronizedBuildFileExceptionSet section */
		E254EE272EB229BD000CDD9D /* Exceptions for "Axon" folder in "Axon" target */ = {
			isa = PBXFileSystemSynchronizedBuildFileExceptionSet;
			membershipExceptions = (
				Info.plist,
			);
			target = E254ED952EB21B76000CDD9D /* Axon */;
		};
/* End PBXFileSystemSynchronizedBuildFileExceptionSet section */

/* Begin PBXFileSystemSynchronizedRootGroup section */
		E254ED982EB21B76000CDD9D /* Axon */ = {
			isa = PBXFileSystemSynchronizedRootGroup;
			exceptions = (
				E254EE272EB229BD000CDD9D /* Exceptions for "Axon" folder in "Axon" target */,
			);
			path = Axon;
			sourceTree = "<group>";
		};
		E254EDAB2EB21B77000CDD9D /* AxonTests */ = {
			isa = PBXFileSystemSynchronizedRootGroup;
			path = AxonTests;
			sourceTree = "<group>";
		};
		E254EDB52EB21B77000CDD9D /* AxonUITests */ = {
			isa = PBXFileSystemSynchronizedRootGroup;
			path = AxonUITests;
			sourceTree = "<group>";
		};
/* End PBXFileSystemSynchronizedRootGroup section */

/* Begin PBXFrameworksBuildPhase section */
		E254ED932EB21B76000CDD9D /* Frameworks */ = {
			isa = PBXFrameworksBuildPhase;
			buildActionMask = 2147483647;
			files = (
				E254EDDA2EB222B3000CDD9D /* FirebaseAILogic in Frameworks */,
				E23FFF9B2EB23493009B116D /* FirebaseAuth in Frameworks */,
				E23FFFA32EB23493009B116D /* FirebaseMessaging in Frameworks */,
				E254EDE02EB222B3000CDD9D /* FirebaseAnalyticsIdentitySupport in Frameworks */,
				E23FFFA12EB23493009B116D /* FirebaseFunctions in Frameworks */,
				E254EDD82EB222B3000CDD9D /* FirebaseAI in Frameworks */,
				E23FFF9D2EB23493009B116D /* FirebaseCore in Frameworks */,
				E23FFF9F2EB23493009B116D /* FirebaseFirestore in Frameworks */,
				E23FFFA52EB23493009B116D /* FirebaseStorage in Frameworks */,
				E254EDDC2EB222B3000CDD9D /* FirebaseAnalytics in Frameworks */,
				E254EDDE2EB222B3000CDD9D /* FirebaseAnalyticsCore in Frameworks */,
			);
			runOnlyForDeploymentPostprocessing = 0;
		};
		E254EDA52EB21B77000CDD9D /* Frameworks */ = {
			isa = PBXFrameworksBuildPhase;
			buildActionMask = 2147483647;
			files = (
			);
			runOnlyForDeploymentPostprocessing = 0;
		};
		E254EDAF2EB21B77000CDD9D /* Frameworks */ = {
			isa = PBXFrameworksBuildPhase;
			buildActionMask = 2147483647;
			files = (
			);
			runOnlyForDeploymentPostprocessing = 0;
		};
/* End PBXFrameworksBuildPhase section */

/* Begin PBXGroup section */
		E23FFF992EB23493009B116D /* Frameworks */ = {
			isa = PBXGroup;
			children = (
			);
			name = Frameworks;
			sourceTree = "<group>";
		};
		E254ED8D2EB21B75000CDD9D = {
			isa = PBXGroup;
			children = (
				E254ED982EB21B76000CDD9D /* Axon */,
				E254EDAB2EB21B77000CDD9D /* AxonTests */,
				E254EDB52EB21B77000CDD9D /* AxonUITests */,
				E23FFF992EB23493009B116D /* Frameworks */,
				E254ED972EB21B76000CDD9D /* Products */,
			);
			sourceTree = "<group>";
		};
		E254ED972EB21B76000CDD9D /* Products */ = {
			isa = PBXGroup;
			children = (
				E254ED962EB21B76000CDD9D /* Axon.app */,
				E254EDA82EB21B77000CDD9D /* AxonTests.xctest */,
				E254EDB22EB21B77000CDD9D /* AxonUITests.xctest */,
			);
			name = Products;
			sourceTree = "<group>";
		};
/* End PBXGroup section */

/* Begin PBXNativeTarget section */
		E254ED952EB21B76000CDD9D /* Axon */ = {
			isa = PBXNativeTarget;
			buildConfigurationList = E254EDBC2EB21B77000CDD9D /* Build configuration list for PBXNativeTarget "Axon" */;
			buildPhases = (
				E254ED922EB21B76000CDD9D /* Sources */,
				E254ED932EB21B76000CDD9D /* Frameworks */,
				E254ED942EB21B76000CDD9D /* Resources */,
			);
			buildRules = (
			);
			dependencies = (
			);
			fileSystemSynchronizedGroups = (
				E254ED982EB21B76000CDD9D /* Axon */,
			);
			name = Axon;
			packageProductDependencies = (
				E254EDD72EB222B3000CDD9D /* FirebaseAI */,
				E254EDD92EB222B3000CDD9D /* FirebaseAILogic */,
				E254EDDB2EB222B3000CDD9D /* FirebaseAnalytics */,
				E254EDDD2EB222B3000CDD9D /* FirebaseAnalyticsCore */,
				E254EDDF2EB222B3000CDD9D /* FirebaseAnalyticsIdentitySupport */,
				E23FFF9A2EB23493009B116D /* FirebaseAuth */,
				E23FFF9C2EB23493009B116D /* FirebaseCore */,
				E23FFF9E2EB23493009B116D /* FirebaseFirestore */,
				E23FFFA02EB23493009B116D /* FirebaseFunctions */,
				E23FFFA22EB23493009B116D /* FirebaseMessaging */,
				E23FFFA42EB23493009B116D /* FirebaseStorage */,
			);
			productName = Axon;
			productReference = E254ED962EB21B76000CDD9D /* Axon.app */;
			productType = "com.apple.product-type.application";
		};
		E254EDA72EB21B77000CDD9D /* AxonTests */ = {
			isa = PBXNativeTarget;
			buildConfigurationList = E254EDBF2EB21B77000CDD9D /* Build configuration list for PBXNativeTarget "AxonTests" */;
			buildPhases = (
				E254EDA42EB21B77000CDD9D /* Sources */,
				E254EDA52EB21B77000CDD9D /* Frameworks */,
				E254EDA62EB21B77000CDD9D /* Resources */,
			);
			buildRules = (
			);
			dependencies = (
				E254EDAA2EB21B77000CDD9D /* PBXTargetDependency */,
			);
			fileSystemSynchronizedGroups = (
				E254EDAB2EB21B77000CDD9D /* AxonTests */,
			);
			name = AxonTests;
			productName = AxonTests;
			productReference = E254EDA82EB21B77000CDD9D /* AxonTests.xctest */;
			productType = "com.apple.product-type.bundle.unit-test";
		};
		E254EDB12EB21B77000CDD9D /* AxonUITests */ = {
			isa = PBXNativeTarget;
			buildConfigurationList = E254EDC22EB21B77000CDD9D /* Build configuration list for PBXNativeTarget "AxonUITests" */;
			buildPhases = (
				E254EDAE2EB21B77000CDD9D /* Sources */,
				E254EDAF2EB21B77000CDD9D /* Frameworks */,
				E254EDB02EB21B77000CDD9D /* Resources */,
			);
			buildRules = (
			);
			dependencies = (
				E254EDB42EB21B77000CDD9D /* PBXTargetDependency */,
			);
			fileSystemSynchronizedGroups = (
				E254EDB52EB21B77000CDD9D /* AxonUITests */,
			);
			name = AxonUITests;
			productName = AxonUITests;
			productReference = E254EDB22EB21B77000CDD9D /* AxonUITests.xctest */;
			productType = "com.apple.product-type.bundle.ui-testing";
		};
/* End PBXNativeTarget section */

/* Begin PBXProject section */
		E254ED8E2EB21B75000CDD9D /* Project object */ = {
			isa = PBXProject;
			attributes = {
				BuildIndependentTargetsInParallel = 1;
				LastSwiftUpdateCheck = 2600;
				LastUpgradeCheck = 2600;
				TargetAttributes = {
					E254ED952EB21B76000CDD9D = {
						CreatedOnToolsVersion = 26.0.1;
					};
					E254EDA72EB21B77000CDD9D = {
						CreatedOnToolsVersion = 26.0.1;
						TestTargetID = E254ED952EB21B76000CDD9D;
					};
					E254EDB12EB21B77000CDD9D = {
						CreatedOnToolsVersion = 26.0.1;
						TestTargetID = E254ED952EB21B76000CDD9D;
					};
				};
			};
			buildConfigurationList = E254ED912EB21B76000CDD9D /* Build configuration list for PBXProject "Axon" */;
			developmentRegion = en;
			hasScannedForEncodings = 0;
			knownRegions = (
				en,
				Base,
			);
			mainGroup = E254ED8D2EB21B75000CDD9D;
			minimizedProjectReferenceProxies = 1;
			packageReferences = (
				E254EDD62EB222B3000CDD9D /* XCRemoteSwiftPackageReference "firebase-ios-sdk" */,
			);
			preferredProjectObjectVersion = 77;
			productRefGroup = E254ED972EB21B76000CDD9D /* Products */;
			projectDirPath = "";
			projectRoot = "";
			targets = (
				E254ED952EB21B76000CDD9D /* Axon */,
				E254EDA72EB21B77000CDD9D /* AxonTests */,
				E254EDB12EB21B77000CDD9D /* AxonUITests */,
			);
		};
/* End PBXProject section */

/* Begin PBXResourcesBuildPhase section */
		E254ED942EB21B76000CDD9D /* Resources */ = {
			isa = PBXResourcesBuildPhase;
			buildActionMask = 2147483647;
			files = (
			);
			runOnlyForDeploymentPostprocessing = 0;
		};
		E254EDA62EB21B77000CDD9D /* Resources */ = {
			isa = PBXResourcesBuildPhase;
			buildActionMask = 2147483647;
			files = (
			);
			runOnlyForDeploymentPostprocessing = 0;
		};
		E254EDB02EB21B77000CDD9D /* Resources */ = {
			isa = PBXResourcesBuildPhase;
			buildActionMask = 2147483647;
			files = (
			);
			runOnlyForDeploymentPostprocessing = 0;
		};
/* End PBXResourcesBuildPhase section */

/* Begin PBXSourcesBuildPhase section */
		E254ED922EB21B76000CDD9D /* Sources */ = {
			isa = PBXSourcesBuildPhase;
			buildActionMask = 2147483647;
			files = (
			);
			runOnlyForDeploymentPostprocessing = 0;
		};
		E254EDA42EB21B77000CDD9D /* Sources */ = {
			isa = PBXSourcesBuildPhase;
			buildActionMask = 2147483647;
			files = (
			);
			runOnlyForDeploymentPostprocessing = 0;
		};
		E254EDAE2EB21B77000CDD9D /* Sources */ = {
			isa = PBXSourcesBuildPhase;
			buildActionMask = 2147483647;
			files = (
			);
			runOnlyForDeploymentPostprocessing = 0;
		};
/* End PBXSourcesBuildPhase section */

/* Begin PBXTargetDependency section */
		E254EDAA2EB21B77000CDD9D /* PBXTargetDependency */ = {
			isa = PBXTargetDependency;
			target = E254ED952EB21B76000CDD9D /* Axon */;
			targetProxy = E254EDA92EB21B77000CDD9D /* PBXContainerItemProxy */;
		};
		E254EDB42EB21B77000CDD9D /* PBXTargetDependency */ = {
			isa = PBXTargetDependency;
			target = E254ED952EB21B76000CDD9D /* Axon */;
			targetProxy = E254EDB32EB21B77000CDD9D /* PBXContainerItemProxy */;
		};
/* End PBXTargetDependency section */

/* Begin XCBuildConfiguration section */
		E254EDBA2EB21B77000CDD9D /* Debug */ = {
			isa = XCBuildConfiguration;
			buildSettings = {
				ALWAYS_SEARCH_USER_PATHS = NO;
				ASSETCATALOG_COMPILER_GENERATE_SWIFT_ASSET_SYMBOL_EXTENSIONS = YES;
				CLANG_ANALYZER_NONNULL = YES;
				CLANG_ANALYZER_NUMBER_OBJECT_CONVERSION = YES_AGGRESSIVE;
				CLANG_CXX_LANGUAGE_STANDARD = "gnu++20";
				CLANG_ENABLE_MODULES = YES;
				CLANG_ENABLE_OBJC_ARC = YES;
				CLANG_ENABLE_OBJC_WEAK = YES;
				CLANG_WARN_BLOCK_CAPTURE_AUTORELEASING = YES;
				CLANG_WARN_BOOL_CONVERSION = YES;
				CLANG_WARN_COMMA = YES;
				CLANG_WARN_CONSTANT_CONVERSION = YES;
				CLANG_WARN_DEPRECATED_OBJC_IMPLEMENTATIONS = YES;
				CLANG_WARN_DIRECT_OBJC_ISA_USAGE = YES_ERROR;
				CLANG_WARN_DOCUMENTATION_COMMENTS = YES;
				CLANG_WARN_EMPTY_BODY = YES;
				CLANG_WARN_ENUM_CONVERSION = YES;
				CLANG_WARN_INFINITE_RECURSION = YES;
				CLANG_WARN_INT_CONVERSION = YES;
				CLANG_WARN_NON_LITERAL_NULL_CONVERSION = YES;
				CLANG_WARN_OBJC_IMPLICIT_RETAIN_SELF = YES;
				CLANG_WARN_OBJC_LITERAL_CONVERSION = YES;
				CLANG_WARN_OBJC_ROOT_CLASS = YES_ERROR;
				CLANG_WARN_QUOTED_INCLUDE_IN_FRAMEWORK_HEADER = YES;
				CLANG_WARN_RANGE_LOOP_ANALYSIS = YES;
				CLANG_WARN_STRICT_PROTOTYPES = YES;
				CLANG_WARN_SUSPICIOUS_MOVE = YES;
				CLANG_WARN_UNGUARDED_AVAILABILITY = YES_AGGRESSIVE;
				CLANG_WARN_UNREACHABLE_CODE = YES;
				CLANG_WARN__DUPLICATE_METHOD_MATCH = YES;
				COPY_PHASE_STRIP = NO;
				DEBUG_INFORMATION_FORMAT = dwarf;
				DEVELOPMENT_TEAM = 546A88TQB5;
				ENABLE_STRICT_OBJC_MSGSEND = YES;
				ENABLE_TESTABILITY = YES;
				ENABLE_USER_SCRIPT_SANDBOXING = YES;
				GCC_C_LANGUAGE_STANDARD = gnu17;
				GCC_DYNAMIC_NO_PIC = NO;
				GCC_NO_COMMON_BLOCKS = YES;
				GCC_OPTIMIZATION_LEVEL = 0;
				GCC_PREPROCESSOR_DEFINITIONS = (
					"DEBUG=1",
					"$(inherited)",
				);
				GCC_WARN_64_TO_32_BIT_CONVERSION = YES;
				GCC_WARN_ABOUT_RETURN_TYPE = YES_ERROR;
				GCC_WARN_UNDECLARED_SELECTOR = YES;
				GCC_WARN_UNINITIALIZED_AUTOS = YES_AGGRESSIVE;
				GCC_WARN_UNUSED_FUNCTION = YES;
				GCC_WARN_UNUSED_VARIABLE = YES;
				LOCALIZATION_PREFERS_STRING_CATALOGS = YES;
				MACOSX_DEPLOYMENT_TARGET = 26.0;
				MTL_ENABLE_DEBUG_INFO = INCLUDE_SOURCE;
				MTL_FAST_MATH = YES;
				ONLY_ACTIVE_ARCH = YES;
				SDKROOT = macosx;
				SWIFT_ACTIVE_COMPILATION_CONDITIONS = "DEBUG $(inherited)";
				SWIFT_OPTIMIZATION_LEVEL = "-Onone";
			};
			name = Debug;
		};
		E254EDBB2EB21B77000CDD9D /* Release */ = {
			isa = XCBuildConfiguration;
			buildSettings = {
				ALWAYS_SEARCH_USER_PATHS = NO;
				ASSETCATALOG_COMPILER_GENERATE_SWIFT_ASSET_SYMBOL_EXTENSIONS = YES;
				CLANG_ANALYZER_NONNULL = YES;
				CLANG_ANALYZER_NUMBER_OBJECT_CONVERSION = YES_AGGRESSIVE;
				CLANG_CXX_LANGUAGE_STANDARD = "gnu++20";
				CLANG_ENABLE_MODULES = YES;
				CLANG_ENABLE_OBJC_ARC = YES;
				CLANG_ENABLE_OBJC_WEAK = YES;
				CLANG_WARN_BLOCK_CAPTURE_AUTORELEASING = YES;
				CLANG_WARN_BOOL_CONVERSION = YES;
				CLANG_WARN_COMMA = YES;
				CLANG_WARN_CONSTANT_CONVERSION = YES;
				CLANG_WARN_DEPRECATED_OBJC_IMPLEMENTATIONS = YES;
				CLANG_WARN_DIRECT_OBJC_ISA_USAGE = YES_ERROR;
				CLANG_WARN_DOCUMENTATION_COMMENTS = YES;
				CLANG_WARN_EMPTY_BODY = YES;
				CLANG_WARN_ENUM_CONVERSION = YES;
				CLANG_WARN_INFINITE_RECURSION = YES;
				CLANG_WARN_INT_CONVERSION = YES;
				CLANG_WARN_NON_LITERAL_NULL_CONVERSION = YES;
				CLANG_WARN_OBJC_IMPLICIT_RETAIN_SELF = YES;
				CLANG_WARN_OBJC_LITERAL_CONVERSION = YES;
				CLANG_WARN_OBJC_ROOT_CLASS = YES_ERROR;
				CLANG_WARN_QUOTED_INCLUDE_IN_FRAMEWORK_HEADER = YES;
				CLANG_WARN_RANGE_LOOP_ANALYSIS = YES;
				CLANG_WARN_STRICT_PROTOTYPES = YES;
				CLANG_WARN_SUSPICIOUS_MOVE = YES;
				CLANG_WARN_UNGUARDED_AVAILABILITY = YES_AGGRESSIVE;
				CLANG_WARN_UNREACHABLE_CODE = YES;
				CLANG_WARN__DUPLICATE_METHOD_MATCH = YES;
				COPY_PHASE_STRIP = NO;
				DEBUG_INFORMATION_FORMAT = "dwarf-with-dsym";
				DEVELOPMENT_TEAM = 546A88TQB5;
				ENABLE_NS_ASSERTIONS = NO;
				ENABLE_STRICT_OBJC_MSGSEND = YES;
				ENABLE_USER_SCRIPT_SANDBOXING = YES;
				GCC_C_LANGUAGE_STANDARD = gnu17;
				GCC_NO_COMMON_BLOCKS = YES;
				GCC_WARN_64_TO_32_BIT_CONVERSION = YES;
				GCC_WARN_ABOUT_RETURN_TYPE = YES_ERROR;
				GCC_WARN_UNDECLARED_SELECTOR = YES;
				GCC_WARN_UNINITIALIZED_AUTOS = YES_AGGRESSIVE;
				GCC_WARN_UNUSED_FUNCTION = YES;
				GCC_WARN_UNUSED_VARIABLE = YES;
				LOCALIZATION_PREFERS_STRING_CATALOGS = YES;
				MACOSX_DEPLOYMENT_TARGET = 26.0;
				MTL_ENABLE_DEBUG_INFO = NO;
				MTL_FAST_MATH = YES;
				SDKROOT = macosx;
				SWIFT_COMPILATION_MODE = wholemodule;
			};
			name = Release;
		};
		E254EDBD2EB21B77000CDD9D /* Debug */ = {
			isa = XCBuildConfiguration;
			buildSettings = {
				ASSETCATALOG_COMPILER_APPICON_NAME = AppIcon;
				ASSETCATALOG_COMPILER_GLOBAL_ACCENT_COLOR_NAME = AccentColor;
				CODE_SIGN_STYLE = Automatic;
				COMBINE_HIDPI_IMAGES = YES;
				CURRENT_PROJECT_VERSION = 1;
				DEVELOPMENT_TEAM = 546A88TQB5;
				ENABLE_APP_SANDBOX = YES;
				ENABLE_HARDENED_RUNTIME = YES;
				ENABLE_INCOMING_NETWORK_CONNECTIONS = NO;
				ENABLE_OUTGOING_NETWORK_CONNECTIONS = NO;
				ENABLE_PREVIEWS = YES;
				ENABLE_RESOURCE_ACCESS_AUDIO_INPUT = NO;
				ENABLE_RESOURCE_ACCESS_BLUETOOTH = NO;
				ENABLE_RESOURCE_ACCESS_CALENDARS = NO;
				ENABLE_RESOURCE_ACCESS_CAMERA = NO;
				ENABLE_RESOURCE_ACCESS_CONTACTS = NO;
				ENABLE_RESOURCE_ACCESS_LOCATION = NO;
				ENABLE_RESOURCE_ACCESS_PRINTING = NO;
				ENABLE_RESOURCE_ACCESS_USB = NO;
				ENABLE_USER_SELECTED_FILES = readonly;
				GENERATE_INFOPLIST_FILE = YES;
				INFOPLIST_FILE = Axon/Info.plist;
				INFOPLIST_KEY_CFBundleDisplayName = Axon;
				INFOPLIST_KEY_LSApplicationCategoryType = "public.app-category.utilities";
				INFOPLIST_KEY_NSHumanReadableCopyright = "";
				LD_RUNPATH_SEARCH_PATHS = (
					"$(inherited)",
					"@executable_path/../Frameworks",
				);
				MARKETING_VERSION = 1.0;
				PRODUCT_BUNDLE_IDENTIFIER = com.e2a0f78c018434b3.Axon;
				PRODUCT_NAME = "$(TARGET_NAME)";
				REGISTER_APP_GROUPS = YES;
				STRING_CATALOG_GENERATE_SYMBOLS = YES;
				SUPPORTED_PLATFORMS = "iphoneos iphonesimulator macosx";
				SUPPORTS_MACCATALYST = NO;
				SWIFT_APPROACHABLE_CONCURRENCY = YES;
				SWIFT_DEFAULT_ACTOR_ISOLATION = MainActor;
				SWIFT_EMIT_LOC_STRINGS = YES;
				SWIFT_UPCOMING_FEATURE_MEMBER_IMPORT_VISIBILITY = YES;
				SWIFT_VERSION = 5.0;
				TARGETED_DEVICE_FAMILY = 1;
			};
			name = Debug;
		};
		E254EDBE2EB21B77000CDD9D /* Release */ = {
			isa = XCBuildConfiguration;
			buildSettings = {
				ASSETCATALOG_COMPILER_APPICON_NAME = AppIcon;
				ASSETCATALOG_COMPILER_GLOBAL_ACCENT_COLOR_NAME = AccentColor;
				CODE_SIGN_STYLE = Automatic;
				COMBINE_HIDPI_IMAGES = YES;
				CURRENT_PROJECT_VERSION = 1;
				DEVELOPMENT_TEAM = 546A88TQB5;
				ENABLE_APP_SANDBOX = YES;
				ENABLE_HARDENED_RUNTIME = YES;
				ENABLE_INCOMING_NETWORK_CONNECTIONS = NO;
				ENABLE_OUTGOING_NETWORK_CONNECTIONS = NO;
				ENABLE_PREVIEWS = YES;
				ENABLE_RESOURCE_ACCESS_AUDIO_INPUT = NO;
				ENABLE_RESOURCE_ACCESS_BLUETOOTH = NO;
				ENABLE_RESOURCE_ACCESS_CALENDARS = NO;
				ENABLE_RESOURCE_ACCESS_CAMERA = NO;
				ENABLE_RESOURCE_ACCESS_CONTACTS = NO;
				ENABLE_RESOURCE_ACCESS_LOCATION = NO;
				ENABLE_RESOURCE_ACCESS_PRINTING = NO;
				ENABLE_RESOURCE_ACCESS_USB = NO;
				ENABLE_USER_SELECTED_FILES = readonly;
				GENERATE_INFOPLIST_FILE = YES;
				INFOPLIST_FILE = Axon/Info.plist;
				INFOPLIST_KEY_CFBundleDisplayName = Axon;
				INFOPLIST_KEY_LSApplicationCategoryType = "public.app-category.utilities";
				INFOPLIST_KEY_NSHumanReadableCopyright = "";
				LD_RUNPATH_SEARCH_PATHS = (
					"$(inherited)",
					"@executable_path/../Frameworks",
				);
				MARKETING_VERSION = 1.0;
				PRODUCT_BUNDLE_IDENTIFIER = com.e2a0f78c018434b3.Axon;
				PRODUCT_NAME = "$(TARGET_NAME)";
				REGISTER_APP_GROUPS = YES;
				STRING_CATALOG_GENERATE_SYMBOLS = YES;
				SUPPORTED_PLATFORMS = "iphoneos iphonesimulator macosx";
				SUPPORTS_MACCATALYST = NO;
				SWIFT_APPROACHABLE_CONCURRENCY = YES;
				SWIFT_DEFAULT_ACTOR_ISOLATION = MainActor;
				SWIFT_EMIT_LOC_STRINGS = YES;
				SWIFT_UPCOMING_FEATURE_MEMBER_IMPORT_VISIBILITY = YES;
				SWIFT_VERSION = 5.0;
				TARGETED_DEVICE_FAMILY = 1;
			};
			name = Release;
		};
		E254EDC02EB21B77000CDD9D /* Debug */ = {
			isa = XCBuildConfiguration;
			buildSettings = {
				BUNDLE_LOADER = "$(TEST_HOST)";
				CODE_SIGN_STYLE = Automatic;
				CURRENT_PROJECT_VERSION = 1;
				DEVELOPMENT_TEAM = 546A88TQB5;
				GENERATE_INFOPLIST_FILE = YES;
				MACOSX_DEPLOYMENT_TARGET = 26.0;
				MARKETING_VERSION = 1.0;
				PRODUCT_BUNDLE_IDENTIFIER = com.e2a0f78c018434b3.AxonTests;
				PRODUCT_NAME = "$(TARGET_NAME)";
				STRING_CATALOG_GENERATE_SYMBOLS = NO;
				SWIFT_APPROACHABLE_CONCURRENCY = YES;
				SWIFT_EMIT_LOC_STRINGS = NO;
				SWIFT_UPCOMING_FEATURE_MEMBER_IMPORT_VISIBILITY = YES;
				SWIFT_VERSION = 5.0;
				TEST_HOST = "$(BUILT_PRODUCTS_DIR)/Axon.app/$(BUNDLE_EXECUTABLE_FOLDER_PATH)/Axon";
			};
			name = Debug;
		};
		E254EDC12EB21B77000CDD9D /* Release */ = {
			isa = XCBuildConfiguration;
			buildSettings = {
				BUNDLE_LOADER = "$(TEST_HOST)";
				CODE_SIGN_STYLE = Automatic;
				CURRENT_PROJECT_VERSION = 1;
				DEVELOPMENT_TEAM = 546A88TQB5;
				GENERATE_INFOPLIST_FILE = YES;
				MACOSX_DEPLOYMENT_TARGET = 26.0;
				MARKETING_VERSION = 1.0;
				PRODUCT_BUNDLE_IDENTIFIER = com.e2a0f78c018434b3.AxonTests;
				PRODUCT_NAME = "$(TARGET_NAME)";
				STRING_CATALOG_GENERATE_SYMBOLS = NO;
				SWIFT_APPROACHABLE_CONCURRENCY = YES;
				SWIFT_EMIT_LOC_STRINGS = NO;
				SWIFT_UPCOMING_FEATURE_MEMBER_IMPORT_VISIBILITY = YES;
				SWIFT_VERSION = 5.0;
				TEST_HOST = "$(BUILT_PRODUCTS_DIR)/Axon.app/$(BUNDLE_EXECUTABLE_FOLDER_PATH)/Axon";
			};
			name = Release;
		};
		E254EDC32EB21B77000CDD9D /* Debug */ = {
			isa = XCBuildConfiguration;
			buildSettings = {
				CODE_SIGN_STYLE = Automatic;
				CURRENT_PROJECT_VERSION = 1;
				DEVELOPMENT_TEAM = 546A88TQB5;
				GENERATE_INFOPLIST_FILE = YES;
				MARKETING_VERSION = 1.0;
				PRODUCT_BUNDLE_IDENTIFIER = com.e2a0f78c018434b3.AxonUITests;
				PRODUCT_NAME = "$(TARGET_NAME)";
				STRING_CATALOG_GENERATE_SYMBOLS = NO;
				SWIFT_APPROACHABLE_CONCURRENCY = YES;
				SWIFT_EMIT_LOC_STRINGS = NO;
				SWIFT_UPCOMING_FEATURE_MEMBER_IMPORT_VISIBILITY = YES;
				SWIFT_VERSION = 5.0;
				TEST_TARGET_NAME = Axon;
			};
			name = Debug;
		};
		E254EDC42EB21B77000CDD9D /* Release */ = {
			isa = XCBuildConfiguration;
			buildSettings = {
				CODE_SIGN_STYLE = Automatic;
				CURRENT_PROJECT_VERSION = 1;
				DEVELOPMENT_TEAM = 546A88TQB5;
				GENERATE_INFOPLIST_FILE = YES;
				MARKETING_VERSION = 1.0;
				PRODUCT_BUNDLE_IDENTIFIER = com.e2a0f78c018434b3.AxonUITests;
				PRODUCT_NAME = "$(TARGET_NAME)";
				STRING_CATALOG_GENERATE_SYMBOLS = NO;
				SWIFT_APPROACHABLE_CONCURRENCY = YES;
				SWIFT_EMIT_LOC_STRINGS = NO;
				SWIFT_UPCOMING_FEATURE_MEMBER_IMPORT_VISIBILITY = YES;
				SWIFT_VERSION = 5.0;
				TEST_TARGET_NAME = Axon;
			};
			name = Release;
		};
/* End XCBuildConfiguration section */

/* Begin XCConfigurationList section */
		E254ED912EB21B76000CDD9D /* Build configuration list for PBXProject "Axon" */ = {
			isa = XCConfigurationList;
			buildConfigurations = (
				E254EDBA2EB21B77000CDD9D /* Debug */,
				E254EDBB2EB21B77000CDD9D /* Release */,
			);
			defaultConfigurationIsVisible = 0;
			defaultConfigurationName = Release;
		};
		E254EDBC2EB21B77000CDD9D /* Build configuration list for PBXNativeTarget "Axon" */ = {
			isa = XCConfigurationList;
			buildConfigurations = (
				E254EDBD2EB21B77000CDD9D /* Debug */,
				E254EDBE2EB21B77000CDD9D /* Release */,
			);
			defaultConfigurationIsVisible = 0;
			defaultConfigurationName = Release;
		};
		E254EDBF2EB21B77000CDD9D /* Build configuration list for PBXNativeTarget "AxonTests" */ = {
			isa = XCConfigurationList;
			buildConfigurations = (
				E254EDC02EB21B77000CDD9D /* Debug */,
				E254EDC12EB21B77000CDD9D /* Release */,
			);
			defaultConfigurationIsVisible = 0;
			defaultConfigurationName = Release;
		};
		E254EDC22EB21B77000CDD9D /* Build configuration list for PBXNativeTarget "AxonUITests" */ = {
			isa = XCConfigurationList;
			buildConfigurations = (
				E254EDC32EB21B77000CDD9D /* Debug */,
				E254EDC42EB21B77000CDD9D /* Release */,
			);
			defaultConfigurationIsVisible = 0;
			defaultConfigurationName = Release;
		};
/* End XCConfigurationList section */

/* Begin XCRemoteSwiftPackageReference section */
		E254EDD62EB222B3000CDD9D /* XCRemoteSwiftPackageReference "firebase-ios-sdk" */ = {
			isa = XCRemoteSwiftPackageReference;
			repositoryURL = "https://github.com/firebase/firebase-ios-sdk.git";
			requirement = {
				kind = upToNextMajorVersion;
				minimumVersion = 12.5.0;
			};
		};
/* End XCRemoteSwiftPackageReference section */

/* Begin XCSwiftPackageProductDependency section */
		E23FFF9A2EB23493009B116D /* FirebaseAuth */ = {
			isa = XCSwiftPackageProductDependency;
			package = E254EDD62EB222B3000CDD9D /* XCRemoteSwiftPackageReference "firebase-ios-sdk" */;
			productName = FirebaseAuth;
		};
		E23FFF9C2EB23493009B116D /* FirebaseCore */ = {
			isa = XCSwiftPackageProductDependency;
			package = E254EDD62EB222B3000CDD9D /* XCRemoteSwiftPackageReference "firebase-ios-sdk" */;
			productName = FirebaseCore;
		};
		E23FFF9E2EB23493009B116D /* FirebaseFirestore */ = {
			isa = XCSwiftPackageProductDependency;
			package = E254EDD62EB222B3000CDD9D /* XCRemoteSwiftPackageReference "firebase-ios-sdk" */;
			productName = FirebaseFirestore;
		};
		E23FFFA02EB23493009B116D /* FirebaseFunctions */ = {
			isa = XCSwiftPackageProductDependency;
			package = E254EDD62EB222B3000CDD9D /* XCRemoteSwiftPackageReference "firebase-ios-sdk" */;
			productName = FirebaseFunctions;
		};
		E23FFFA22EB23493009B116D /* FirebaseMessaging */ = {
			isa = XCSwiftPackageProductDependency;
			package = E254EDD62EB222B3000CDD9D /* XCRemoteSwiftPackageReference "firebase-ios-sdk" */;
			productName = FirebaseMessaging;
		};
		E23FFFA42EB23493009B116D /* FirebaseStorage */ = {
			isa = XCSwiftPackageProductDependency;
			package = E254EDD62EB222B3000CDD9D /* XCRemoteSwiftPackageReference "firebase-ios-sdk" */;
			productName = FirebaseStorage;
		};
		E254EDD72EB222B3000CDD9D /* FirebaseAI */ = {
			isa = XCSwiftPackageProductDependency;
			package = E254EDD62EB222B3000CDD9D /* XCRemoteSwiftPackageReference "firebase-ios-sdk" */;
			productName = FirebaseAI;
		};
		E254EDD92EB222B3000CDD9D /* FirebaseAILogic */ = {
			isa = XCSwiftPackageProductDependency;
			package = E254EDD62EB222B3000CDD9D /* XCRemoteSwiftPackageReference "firebase-ios-sdk" */;
			productName = FirebaseAILogic;
		};
		E254EDDB2EB222B3000CDD9D /* FirebaseAnalytics */ = {
			isa = XCSwiftPackageProductDependency;
			package = E254EDD62EB222B3000CDD9D /* XCRemoteSwiftPackageReference "firebase-ios-sdk" */;
			productName = FirebaseAnalytics;
		};
		E254EDDD2EB222B3000CDD9D /* FirebaseAnalyticsCore */ = {
			isa = XCSwiftPackageProductDependency;
			package = E254EDD62EB222B3000CDD9D /* XCRemoteSwiftPackageReference "firebase-ios-sdk" */;
			productName = FirebaseAnalyticsCore;
		};
		E254EDDF2EB222B3000CDD9D /* FirebaseAnalyticsIdentitySupport */ = {
			isa = XCSwiftPackageProductDependency;
			package = E254EDD62EB222B3000CDD9D /* XCRemoteSwiftPackageReference "firebase-ios-sdk" */;
			productName = FirebaseAnalyticsIdentitySupport;
		};
/* End XCSwiftPackageProductDependency section */
	};
	rootObject = E254ED8E2EB21B75000CDD9D /* Project object */;
}
